// !$*UTF8*$!
{
	archiveVersion = 1;
	classes = {
	};
	objectVersion = 50;
	objects = {

/* Begin PBXBuildFile section */
		84FA2A3422EFE26000E753B2 /* AppDelegate.m in Sources */ = {isa = PBXBuildFile; fileRef = 84FA2A3322EFE26000E753B2 /* AppDelegate.m */; };
		84FA2A3722EFE26000E753B2 /* ViewController.m in Sources */ = {isa = PBXBuildFile; fileRef = 84FA2A3622EFE26000E753B2 /* ViewController.m */; };
		84FA2A3A22EFE26000E753B2 /* Main.storyboard in Resources */ = {isa = PBXBuildFile; fileRef = 84FA2A3822EFE26000E753B2 /* Main.storyboard */; };
		84FA2A3C22EFE26200E753B2 /* Assets.xcassets in Resources */ = {isa = PBXBuildFile; fileRef = 84FA2A3B22EFE26200E753B2 /* Assets.xcassets */; };
		84FA2A3F22EFE26200E753B2 /* LaunchScreen.storyboard in Resources */ = {isa = PBXBuildFile; fileRef = 84FA2A3D22EFE26200E753B2 /* LaunchScreen.storyboard */; };
		84FA2A4222EFE26200E753B2 /* main.m in Sources */ = {isa = PBXBuildFile; fileRef = 84FA2A4122EFE26200E753B2 /* main.m */; };
		84FA2A4F22EFE2A400E753B2 /* suidao@3x.png in Resources */ = {isa = PBXBuildFile; fileRef = 84FA2A4922EFE2A400E753B2 /* suidao@3x.png */; };
		84FA2A5022EFE2A400E753B2 /* suidao@2x.png in Resources */ = {isa = PBXBuildFile; fileRef = 84FA2A4A22EFE2A400E753B2 /* suidao@2x.png */; };
		84FA2A5122EFE2A400E753B2 /* zhongdui@2x.png in Resources */ = {isa = PBXBuildFile; fileRef = 84FA2A4B22EFE2A400E753B2 /* zhongdui@2x.png */; };
		84FA2A5222EFE2A400E753B2 /* qiao@2x.png in Resources */ = {isa = PBXBuildFile; fileRef = 84FA2A4C22EFE2A400E753B2 /* qiao@2x.png */; };
		84FA2A5322EFE2A400E753B2 /* qiao@3x.png in Resources */ = {isa = PBXBuildFile; fileRef = 84FA2A4D22EFE2A400E753B2 /* qiao@3x.png */; };
		84FA2A5422EFE2A400E753B2 /* zhongdui@3x.png in Resources */ = {isa = PBXBuildFile; fileRef = 84FA2A4E22EFE2A400E753B2 /* zhongdui@3x.png */; };
		84FA2A5722EFE44600E753B2 /* UIViewController+Extension.m in Sources */ = {isa = PBXBuildFile; fileRef = 84FA2A5622EFE44600E753B2 /* UIViewController+Extension.m */; };
/* End PBXBuildFile section */

/* Begin PBXFileReference section */
		84FA2A2F22EFE26000E753B2 /* AlterIcon.app */ = {isa = PBXFileReference; explicitFileType = wrapper.application; includeInIndex = 0; path = AlterIcon.app; sourceTree = BUILT_PRODUCTS_DIR; };
		84FA2A3222EFE26000E753B2 /* AppDelegate.h */ = {isa = PBXFileReference; lastKnownFileType = sourcecode.c.h; path = AppDelegate.h; sourceTree = "<group>"; };
		84FA2A3322EFE26000E753B2 /* AppDelegate.m */ = {isa = PBXFileReference; lastKnownFileType = sourcecode.c.objc; path = AppDelegate.m; sourceTree = "<group>"; };
		84FA2A3522EFE26000E753B2 /* ViewController.h */ = {isa = PBXFileReference; lastKnownFileType = sourcecode.c.h; path = ViewController.h; sourceTree = "<group>"; };
		84FA2A3622EFE26000E753B2 /* ViewController.m */ = {isa = PBXFileReference; lastKnownFileType = sourcecode.c.objc; path = ViewController.m; sourceTree = "<group>"; };
		84FA2A3922EFE26000E753B2 /* Base */ = {isa = PBXFileReference; lastKnownFileType = file.storyboard; name = Base; path = Base.lproj/Main.storyboard; sourceTree = "<group>"; };
		84FA2A3B22EFE26200E753B2 /* Assets.xcassets */ = {isa = PBXFileReference; lastKnownFileType = folder.assetcatalog; path = Assets.xcassets; sourceTree = "<group>"; };
		84FA2A3E22EFE26200E753B2 /* Base */ = {isa = PBXFileReference; lastKnownFileType = file.storyboard; name = Base; path = Base.lproj/LaunchScreen.storyboard; sourceTree = "<group>"; };
		84FA2A4022EFE26200E753B2 /* Info.plist */ = {isa = PBXFileReference; lastKnownFileType = text.plist.xml; path = Info.plist; sourceTree = "<group>"; };
		84FA2A4122EFE26200E753B2 /* main.m */ = {isa = PBXFileReference; lastKnownFileType = sourcecode.c.objc; path = main.m; sourceTree = "<group>"; };
		84FA2A4922EFE2A400E753B2 /* suidao@3x.png */ = {isa = PBXFileReference; lastKnownFileType = image.png; path = "suidao@3x.png"; sourceTree = "<group>"; };
		84FA2A4A22EFE2A400E753B2 /* suidao@2x.png */ = {isa = PBXFileReference; lastKnownFileType = image.png; path = "suidao@2x.png"; sourceTree = "<group>"; };
		84FA2A4B22EFE2A400E753B2 /* zhongdui@2x.png */ = {isa = PBXFileReference; lastKnownFileType = image.png; path = "zhongdui@2x.png"; sourceTree = "<group>"; };
		84FA2A4C22EFE2A400E753B2 /* qiao@2x.png */ = {isa = PBXFileReference; lastKnownFileType = image.png; path = "qiao@2x.png"; sourceTree = "<group>"; };
		84FA2A4D22EFE2A400E753B2 /* qiao@3x.png */ = {isa = PBXFileReference; lastKnownFileType = image.png; path = "qiao@3x.png"; sourceTree = "<group>"; };
		84FA2A4E22EFE2A400E753B2 /* zhongdui@3x.png */ = {isa = PBXFileReference; lastKnownFileType = image.png; path = "zhongdui@3x.png"; sourceTree = "<group>"; };
		84FA2A5522EFE44600E753B2 /* UIViewController+Extension.h */ = {isa = PBXFileReference; lastKnownFileType = sourcecode.c.h; path = "UIViewController+Extension.h"; sourceTree = "<group>"; };
		84FA2A5622EFE44600E753B2 /* UIViewController+Extension.m */ = {isa = PBXFileReference; lastKnownFileType = sourcecode.c.objc; path = "UIViewController+Extension.m"; sourceTree = "<group>"; };
/* End PBXFileReference section */

/* Begin PBXFrameworksBuildPhase section */
		84FA2A2C22EFE26000E753B2 /* Frameworks */ = {
			isa = PBXFrameworksBuildPhase;
			buildActionMask = 2147483647;
			files = (
			);
			runOnlyForDeploymentPostprocessing = 0;
		};
/* End PBXFrameworksBuildPhase section */

/* Begin PBXGroup section */
		84FA2A2622EFE26000E753B2 = {
			isa = PBXGroup;
			children = (
				84FA2A3122EFE26000E753B2 /* AlterIcon */,
				84FA2A3022EFE26000E753B2 /* Products */,
			);
			sourceTree = "<group>";
		};
		84FA2A3022EFE26000E753B2 /* Products */ = {
			isa = PBXGroup;
			children = (
				84FA2A2F22EFE26000E753B2 /* AlterIcon.app */,
			);
			name = Products;
			sourceTree = "<group>";
		};
		84FA2A3122EFE26000E753B2 /* AlterIcon */ = {
			isa = PBXGroup;
			children = (
				84FA2A3222EFE26000E753B2 /* AppDelegate.h */,
				84FA2A3322EFE26000E753B2 /* AppDelegate.m */,
				84FA2A3522EFE26000E753B2 /* ViewController.h */,
				84FA2A3622EFE26000E753B2 /* ViewController.m */,
				84FA2A4822EFE2A400E753B2 /* Icon */,
				84FA2A3822EFE26000E753B2 /* Main.storyboard */,
				84FA2A3B22EFE26200E753B2 /* Assets.xcassets */,
				84FA2A3D22EFE26200E753B2 /* LaunchScreen.storyboard */,
				84FA2A4022EFE26200E753B2 /* Info.plist */,
				84FA2A4122EFE26200E753B2 /* main.m */,
				84FA2A5522EFE44600E753B2 /* UIViewController+Extension.h */,
				84FA2A5622EFE44600E753B2 /* UIViewController+Extension.m */,
			);
			path = AlterIcon;
			sourceTree = "<group>";
		};
		84FA2A4822EFE2A400E753B2 /* Icon */ = {
			isa = PBXGroup;
			children = (
				84FA2A4922EFE2A400E753B2 /* suidao@3x.png */,
				84FA2A4A22EFE2A400E753B2 /* suidao@2x.png */,
				84FA2A4B22EFE2A400E753B2 /* zhongdui@2x.png */,
				84FA2A4E22EFE2A400E753B2 /* zhongdui@3x.png */,
				84FA2A4C22EFE2A400E753B2 /* qiao@2x.png */,
				84FA2A4D22EFE2A400E753B2 /* qiao@3x.png */,
			);
			path = Icon;
			sourceTree = "<group>";
		};
/* End PBXGroup section */

/* Begin PBXNativeTarget section */
		84FA2A2E22EFE26000E753B2 /* AlterIcon */ = {
			isa = PBXNativeTarget;
			buildConfigurationList = 84FA2A4522EFE26200E753B2 /* Build configuration list for PBXNativeTarget "AlterIcon" */;
			buildPhases = (
				84FA2A2B22EFE26000E753B2 /* Sources */,
				84FA2A2C22EFE26000E753B2 /* Frameworks */,
				84FA2A2D22EFE26000E753B2 /* Resources */,
			);
			buildRules = (
			);
			dependencies = (
			);
			name = AlterIcon;
			productName = AlterIcon;
			productReference = 84FA2A2F22EFE26000E753B2 /* AlterIcon.app */;
			productType = "com.apple.product-type.application";
		};
/* End PBXNativeTarget section */

/* Begin PBXProject section */
		84FA2A2722EFE26000E753B2 /* Project object */ = {
			isa = PBXProject;
			attributes = {
				LastUpgradeCheck = 0940;
				ORGANIZATIONNAME = yzwl;
				TargetAttributes = {
					84FA2A2E22EFE26000E753B2 = {
						CreatedOnToolsVersion = 9.4.1;
					};
				};
			};
			buildConfigurationList = 84FA2A2A22EFE26000E753B2 /* Build configuration list for PBXProject "AlterIcon" */;
			compatibilityVersion = "Xcode 9.3";
			developmentRegion = en;
			hasScannedForEncodings = 0;
			knownRegions = (
				en,
				Base,
			);
			mainGroup = 84FA2A2622EFE26000E753B2;
			productRefGroup = 84FA2A3022EFE26000E753B2 /* Products */;
			projectDirPath = "";
			projectRoot = "";
			targets = (
				84FA2A2E22EFE26000E753B2 /* AlterIcon */,
			);
		};
/* End PBXProject section */

/* Begin PBXResourcesBuildPhase section */
		84FA2A2D22EFE26000E753B2 /* Resources */ = {
			isa = PBXResourcesBuildPhase;
			buildActionMask = 2147483647;
			files = (
				84FA2A5022EFE2A400E753B2 /* suidao@2x.png in Resources */,
				84FA2A4F22EFE2A400E753B2 /* suidao@3x.png in Resources */,
				84FA2A3F22EFE26200E753B2 /* LaunchScreen.storyboard in Resources */,
				84FA2A5322EFE2A400E753B2 /* qiao@3x.png in Resources */,
				84FA2A5422EFE2A400E753B2 /* zhongdui@3x.png in Resources */,
				84FA2A3C22EFE26200E753B2 /* Assets.xcassets in Resources */,
				84FA2A5122EFE2A400E753B2 /* zhongdui@2x.png in Resources */,
				84FA2A3A22EFE26000E753B2 /* Main.storyboard in Resources */,
				84FA2A5222EFE2A400E753B2 /* qiao@2x.png in Resources */,
			);
			runOnlyForDeploymentPostprocessing = 0;
		};
/* End PBXResourcesBuildPhase section */

/* Begin PBXSourcesBuildPhase section */
		84FA2A2B22EFE26000E753B2 /* Sources */ = {
			isa = PBXSourcesBuildPhase;
			buildActionMask = 2147483647;
			files = (
				84FA2A5722EFE44600E753B2 /* UIViewController+Extension.m in Sources */,
				84FA2A3722EFE26000E753B2 /* ViewController.m in Sources */,
				84FA2A4222EFE26200E753B2 /* main.m in Sources */,
				84FA2A3422EFE26000E753B2 /* AppDelegate.m in Sources */,
			);
			runOnlyForDeploymentPostprocessing = 0;
		};
/* End PBXSourcesBuildPhase section */

/* Begin PBXVariantGroup section */
		84FA2A3822EFE26000E753B2 /* Main.storyboard */ = {
			isa = PBXVariantGroup;
			children = (
				84FA2A3922EFE26000E753B2 /* Base */,
			);
			name = Main.storyboard;
			sourceTree = "<group>";
		};
		84FA2A3D22EFE26200E753B2 /* LaunchScreen.storyboard */ = {
			isa = PBXVariantGroup;
			children = (
				84FA2A3E22EFE26200E753B2 /* Base */,
			);
			name = LaunchScreen.storyboard;
			sourceTree = "<group>";
		};
/* End PBXVariantGroup section */

/* Begin XCBuildConfiguration section */
		84FA2A4322EFE26200E753B2 /* Debug */ = {
			isa = XCBuildConfiguration;
			buildSettings = {
				ALWAYS_SEARCH_USER_PATHS = NO;
				CLANG_ANALYZER_NONNULL = YES;
				CLANG_ANALYZER_NUMBER_OBJECT_CONVERSION = YES_AGGRESSIVE;
				CLANG_CXX_LANGUAGE_STANDARD = "gnu++14";
				CLANG_CXX_LIBRARY = "libc++";
				CLANG_ENABLE_MODULES = YES;
				CLANG_ENABLE_OBJC_ARC = YES;
				CLANG_ENABLE_OBJC_WEAK = YES;
				CLANG_WARN_BLOCK_CAPTURE_AUTORELEASING = YES;
				CLANG_WARN_BOOL_CONVERSION = YES;
				CLANG_WARN_COMMA = YES;
				CLANG_WARN_CONSTANT_CONVERSION = YES;
				CLANG_WARN_DEPRECATED_OBJC_IMPLEMENTATIONS = YES;
				CLANG_WARN_DIRECT_OBJC_ISA_USAGE = YES_ERROR;
				CLANG_WARN_DOCUMENTATION_COMMENTS = YES;
				CLANG_WARN_EMPTY_BODY = YES;
				CLANG_WARN_ENUM_CONVERSION = YES;
				CLANG_WARN_INFINITE_RECURSION = YES;
				CLANG_WARN_INT_CONVERSION = YES;
				CLANG_WARN_NON_LITERAL_NULL_CONVERSION = YES;
				CLANG_WARN_OBJC_IMPLICIT_RETAIN_SELF = YES;
				CLANG_WARN_OBJC_LITERAL_CONVERSION = YES;
				CLANG_WARN_OBJC_ROOT_CLASS = YES_ERROR;
				CLANG_WARN_RANGE_LOOP_ANALYSIS = YES;
				CLANG_WARN_STRICT_PROTOTYPES = YES;
				CLANG_WARN_SUSPICIOUS_MOVE = YES;
				CLANG_WARN_UNGUARDED_AVAILABILITY = YES_AGGRESSIVE;
				CLANG_WARN_UNREACHABLE_CODE = YES;
				CLANG_WARN__DUPLICATE_METHOD_MATCH = YES;
				CODE_SIGN_IDENTITY = "iPhone Developer";
				COPY_PHASE_STRIP = NO;
				DEBUG_INFORMATION_FORMAT = dwarf;
				ENABLE_STRICT_OBJC_MSGSEND = YES;
				ENABLE_TESTABILITY = YES;
				GCC_C_LANGUAGE_STANDARD = gnu11;
				GCC_DYNAMIC_NO_PIC = NO;
				GCC_NO_COMMON_BLOCKS = YES;
				GCC_OPTIMIZATION_LEVEL = 0;
				GCC_PREPROCESSOR_DEFINITIONS = (
					"DEBUG=1",
					"$(inherited)",
				);
				GCC_WARN_64_TO_32_BIT_CONVERSION = YES;
				GCC_WARN_ABOUT_RETURN_TYPE = YES_ERROR;
				GCC_WARN_UNDECLARED_SELECTOR = YES;
				GCC_WARN_UNINITIALIZED_AUTOS = YES_AGGRESSIVE;
				GCC_WARN_UNUSED_FUNCTION = YES;
				GCC_WARN_UNUSED_VARIABLE = YES;
				IPHONEOS_DEPLOYMENT_TARGET = 11.4;
				MTL_ENABLE_DEBUG_INFO = YES;
				ONLY_ACTIVE_ARCH = YES;
				SDKROOT = iphoneos;
			};
			name = Debug;
		};
		84FA2A4422EFE26200E753B2 /* Release */ = {
			isa = XCBuildConfiguration;
			buildSettings = {
				ALWAYS_SEARCH_USER_PATHS = NO;
				CLANG_ANALYZER_NONNULL = YES;
				CLANG_ANALYZER_NUMBER_OBJECT_CONVERSION = YES_AGGRESSIVE;
				CLANG_CXX_LANGUAGE_STANDARD = "gnu++14";
				CLANG_CXX_LIBRARY = "libc++";
				CLANG_ENABLE_MODULES = YES;
				CLANG_ENABLE_OBJC_ARC = YES;
				CLANG_ENABLE_OBJC_WEAK = YES;
				CLANG_WARN_BLOCK_CAPTURE_AUTORELEASING = YES;
				CLANG_WARN_BOOL_CONVERSION = YES;
				CLANG_WARN_COMMA = YES;
				CLANG_WARN_CONSTANT_CONVERSION = YES;
				CLANG_WARN_DEPRECATED_OBJC_IMPLEMENTATIONS = YES;
				CLANG_WARN_DIRECT_OBJC_ISA_USAGE = YES_ERROR;
				CLANG_WARN_DOCUMENTATION_COMMENTS = YES;
				CLANG_WARN_EMPTY_BODY = YES;
				CLANG_WARN_ENUM_CONVERSION = YES;
				CLANG_WARN_INFINITE_RECURSION = YES;
				CLANG_WARN_INT_CONVERSION = YES;
				CLANG_WARN_NON_LITERAL_NULL_CONVERSION = YES;
				CLANG_WARN_OBJC_IMPLICIT_RETAIN_SELF = YES;
				CLANG_WARN_OBJC_LITERAL_CONVERSION = YES;
				CLANG_WARN_OBJC_ROOT_CLASS = YES_ERROR;
				CLANG_WARN_RANGE_LOOP_ANALYSIS = YES;
				CLANG_WARN_STRICT_PROTOTYPES = YES;
				CLANG_WARN_SUSPICIOUS_MOVE = YES;
				CLANG_WARN_UNGUARDED_AVAILABILITY = YES_AGGRESSIVE;
				CLANG_WARN_UNREACHABLE_CODE = YES;
				CLANG_WARN__DUPLICATE_METHOD_MATCH = YES;
				CODE_SIGN_IDENTITY = "iPhone Developer";
				COPY_PHASE_STRIP = NO;
				DEBUG_INFORMATION_FORMAT = "dwarf-with-dsym";
				ENABLE_NS_ASSERTIONS = NO;
				ENABLE_STRICT_OBJC_MSGSEND = YES;
				GCC_C_LANGUAGE_STANDARD = gnu11;
				GCC_NO_COMMON_BLOCKS = YES;
				GCC_WARN_64_TO_32_BIT_CONVERSION = YES;
				GCC_WARN_ABOUT_RETURN_TYPE = YES_ERROR;
				GCC_WARN_UNDECLARED_SELECTOR = YES;
				GCC_WARN_UNINITIALIZED_AUTOS = YES_AGGRESSIVE;
				GCC_WARN_UNUSED_FUNCTION = YES;
				GCC_WARN_UNUSED_VARIABLE = YES;
				IPHONEOS_DEPLOYMENT_TARGET = 11.4;
				MTL_ENABLE_DEBUG_INFO = NO;
				SDKROOT = iphoneos;
				VALIDATE_PRODUCT = YES;
			};
			name = Release;
		};
		84FA2A4622EFE26200E753B2 /* Debug */ = {
			isa = XCBuildConfiguration;
			buildSettings = {
				ASSETCATALOG_COMPILER_APPICON_NAME = AppIcon;
				CODE_SIGN_STYLE = Automatic;
				DEVELOPMENT_TEAM = 23HVM9JSJ4;
				INFOPLIST_FILE = AlterIcon/Info.plist;
				LD_RUNPATH_SEARCH_PATHS = (
					"$(inherited)",
					"@executable_path/Frameworks",
				);
				PRODUCT_BUNDLE_IDENTIFIER = yzwl.AlterIcon;
				PRODUCT_NAME = "$(TARGET_NAME)";
				TARGETED_DEVICE_FAMILY = "1,2";
			};
			name = Debug;
		};
		84FA2A4722EFE26200E753B2 /* Release */ = {
			isa = XCBuildConfiguration;
			buildSettings = {
				ASSETCATALOG_COMPILER_APPICON_NAME = AppIcon;
				CODE_SIGN_STYLE = Automatic;
				DEVELOPMENT_TEAM = 23HVM9JSJ4;
				INFOPLIST_FILE = AlterIcon/Info.plist;
				LD_RUNPATH_SEARCH_PATHS = (
					"$(inherited)",
					"@executable_path/Frameworks",
				);
				PRODUCT_BUNDLE_IDENTIFIER = yzwl.AlterIcon;
				PRODUCT_NAME = "$(TARGET_NAME)";
				TARGETED_DEVICE_FAMILY = "1,2";
			};
			name = Release;
		};
/* End XCBuildConfiguration section */

/* Begin XCConfigurationList section */
		84FA2A2A22EFE26000E753B2 /* Build configuration list for PBXProject "AlterIcon" */ = {
			isa = XCConfigurationList;
			buildConfigurations = (
				84FA2A4322EFE26200E753B2 /* Debug */,
				84FA2A4422EFE26200E753B2 /* Release */,
			);
			defaultConfigurationIsVisible = 0;
			defaultConfigurationName = Release;
		};
		84FA2A4522EFE26200E753B2 /* Build configuration list for PBXNativeTarget "AlterIcon" */ = {
			isa = XCConfigurationList;
			buildConfigurations = (
				84FA2A4622EFE26200E753B2 /* Debug */,
				84FA2A4722EFE26200E753B2 /* Release */,
			);
			defaultConfigurationIsVisible = 0;
			defaultConfigurationName = Release;
		};
/* End XCConfigurationList section */
	};
	rootObject = 84FA2A2722EFE26000E753B2 /* Project object */;
}
